{
  "name": "es4x",
  "version": "1.0.0",
  "lockfileVersion": 1,
  "requires": true,
  "dependencies": {
    "@vertx/core": {
      "version": "3.9.2",
      "resolved": "https://registry.npmjs.org/@vertx/core/-/core-3.9.2.tgz",
      "integrity": "sha512-LcxA++dtTPgPly08NAXh9pV3VZfHU81nDOKOuhq2uciIUtBqcCPyA4n9GWlIpCj6fD6WZqBDBOTgv775GgNXjg=="
    },
    "@vertx/unit": {
      "version": "3.9.2",
      "resolved": "https://registry.npmjs.org/@vertx/unit/-/unit-3.9.2.tgz",
      "integrity": "sha512-Gxr2/uGd9cAxYLB6iqxjm1z0GRKAn8TB3COTwsfZijrxg4acw9xuHbtnk17/MjrK2p8XbBqsI7wthTDnYoq9bA==",
      "dev": true,
      "requires": {
        "@vertx/core": "3.9.2"
      }
    }
  }
}
